// !$*UTF8*$!
{
	archiveVersion = 1;
	classes = {
	};
	objectVersion = 50;
	objects = {

/* Begin PBXBuildFile section */
		AE65C61121865A68006A047C /* main.cpp in Sources */ = {isa = PBXBuildFile; fileRef = AE65C61021865A68006A047C /* main.cpp */; };
		AE65C61921865B5B006A047C /* OpenGL.framework in Frameworks */ = {isa = PBXBuildFile; fileRef = AE65C61821865B5B006A047C /* OpenGL.framework */; };
		AE65C61B21865BA5006A047C /* libglfw.3.2.dylib in Frameworks */ = {isa = PBXBuildFile; fileRef = AE65C61A21865BA5006A047C /* libglfw.3.2.dylib */; };
		AE65C61D21865BB0006A047C /* libGLEW.2.1.0.dylib in Frameworks */ = {isa = PBXBuildFile; fileRef = AE65C61C21865BB0006A047C /* libGLEW.2.1.0.dylib */; };
		AE65C61F21865C9A006A047C /* glad.c in Sources */ = {isa = PBXBuildFile; fileRef = AE65C61E21865C9A006A047C /* glad.c */; };
/* End PBXBuildFile section */

/* Begin PBXCopyFilesBuildPhase section */
		AE65C60B21865A68006A047C /* CopyFiles */ = {
			isa = PBXCopyFilesBuildPhase;
			buildActionMask = 2147483647;
			dstPath = /usr/share/man/man1/;
			dstSubfolderSpec = 0;
			files = (
			);
			runOnlyForDeploymentPostprocessing = 1;
		};
/* End PBXCopyFilesBuildPhase section */

/* Begin PBXFileReference section */
		AE65C60D21865A68006A047C /* Lab2 */ = {isa = PBXFileReference; explicitFileType = "compiled.mach-o.executable"; includeInIndex = 0; path = Lab2; sourceTree = BUILT_PRODUCTS_DIR; };
		AE65C61021865A68006A047C /* main.cpp */ = {isa = PBXFileReference; lastKnownFileType = sourcecode.cpp.cpp; path = main.cpp; sourceTree = "<group>"; };
		AE65C61821865B5B006A047C /* OpenGL.framework */ = {isa = PBXFileReference; lastKnownFileType = wrapper.framework; name = OpenGL.framework; path = System/Library/Frameworks/OpenGL.framework; sourceTree = SDKROOT; };
		AE65C61A21865BA5006A047C /* libglfw.3.2.dylib */ = {isa = PBXFileReference; lastKnownFileType = "compiled.mach-o.dylib"; name = libglfw.3.2.dylib; path = ../../../../../../../usr/local/lib/libglfw.3.2.dylib; sourceTree = "<group>"; };
		AE65C61C21865BB0006A047C /* libGLEW.2.1.0.dylib */ = {isa = PBXFileReference; lastKnownFileType = "compiled.mach-o.dylib"; name = libGLEW.2.1.0.dylib; path = ../../../../../../../usr/local/lib/libGLEW.2.1.0.dylib; sourceTree = "<group>"; };
		AE65C61E21865C9A006A047C /* glad.c */ = {isa = PBXFileReference; fileEncoding = 4; lastKnownFileType = sourcecode.c.c; path = glad.c; sourceTree = "<group>"; };
		AE65C62021865D1C006A047C /* shader.h */ = {isa = PBXFileReference; lastKnownFileType = sourcecode.c.h; path = shader.h; sourceTree = "<group>"; };
		AE65C623218667E6006A047C /* shader.vs */ = {isa = PBXFileReference; lastKnownFileType = sourcecode.glsl; path = shader.vs; sourceTree = "<group>"; };
		AE65C624218667E6006A047C /* shader.fs */ = {isa = PBXFileReference; lastKnownFileType = sourcecode.glsl; path = shader.fs; sourceTree = "<group>"; };
/* End PBXFileReference section */

/* Begin PBXFrameworksBuildPhase section */
		AE65C60A21865A68006A047C /* Frameworks */ = {
			isa = PBXFrameworksBuildPhase;
			buildActionMask = 2147483647;
			files = (
				AE65C61D21865BB0006A047C /* libGLEW.2.1.0.dylib in Frameworks */,
				AE65C61B21865BA5006A047C /* libglfw.3.2.dylib in Frameworks */,
				AE65C61921865B5B006A047C /* OpenGL.framework in Frameworks */,
			);
			runOnlyForDeploymentPostprocessing = 0;
		};
/* End PBXFrameworksBuildPhase section */

/* Begin PBXGroup section */
		AE65C60421865A68006A047C = {
			isa = PBXGroup;
			children = (
				AE65C60F21865A68006A047C /* Lab2 */,
				AE65C60E21865A68006A047C /* Products */,
				AE65C61721865B5B006A047C /* Frameworks */,
			);
			sourceTree = "<group>";
		};
		AE65C60E21865A68006A047C /* Products */ = {
			isa = PBXGroup;
			children = (
				AE65C60D21865A68006A047C /* Lab2 */,
			);
			name = Products;
			sourceTree = "<group>";
		};
		AE65C60F21865A68006A047C /* Lab2 */ = {
			isa = PBXGroup;
			children = (
				AE65C61021865A68006A047C /* main.cpp */,
				AE65C624218667E6006A047C /* shader.fs */,
				AE65C623218667E6006A047C /* shader.vs */,
				AE65C62021865D1C006A047C /* shader.h */,
				AE65C61E21865C9A006A047C /* glad.c */,
			);
			path = Lab2;
			sourceTree = "<group>";
		};
		AE65C61721865B5B006A047C /* Frameworks */ = {
			isa = PBXGroup;
			children = (
				AE65C61C21865BB0006A047C /* libGLEW.2.1.0.dylib */,
				AE65C61A21865BA5006A047C /* libglfw.3.2.dylib */,
				AE65C61821865B5B006A047C /* OpenGL.framework */,
			);
			name = Frameworks;
			sourceTree = "<group>";
		};
/* End PBXGroup section */

/* Begin PBXNativeTarget section */
		AE65C60C21865A68006A047C /* Lab2 */ = {
			isa = PBXNativeTarget;
			buildConfigurationList = AE65C61421865A68006A047C /* Build configuration list for PBXNativeTarget "Lab2" */;
			buildPhases = (
				AE65C60921865A68006A047C /* Sources */,
				AE65C60A21865A68006A047C /* Frameworks */,
				AE65C60B21865A68006A047C /* CopyFiles */,
			);
			buildRules = (
			);
			dependencies = (
			);
			name = Lab2;
			productName = Lab2;
			productReference = AE65C60D21865A68006A047C /* Lab2 */;
			productType = "com.apple.product-type.tool";
		};
/* End PBXNativeTarget section */

/* Begin PBXProject section */
		AE65C60521865A68006A047C /* Project object */ = {
			isa = PBXProject;
			attributes = {
				LastUpgradeCheck = 1000;
				ORGANIZATIONNAME = "Yuankai Guan";
				TargetAttributes = {
					AE65C60C21865A68006A047C = {
						CreatedOnToolsVersion = 10.0;
					};
				};
			};
			buildConfigurationList = AE65C60821865A68006A047C /* Build configuration list for PBXProject "Lab2" */;
			compatibilityVersion = "Xcode 9.3";
			developmentRegion = en;
			hasScannedForEncodings = 0;
			knownRegions = (
				en,
			);
			mainGroup = AE65C60421865A68006A047C;
			productRefGroup = AE65C60E21865A68006A047C /* Products */;
			projectDirPath = "";
			projectRoot = "";
			targets = (
				AE65C60C21865A68006A047C /* Lab2 */,
			);
		};
/* End PBXProject section */

/* Begin PBXSourcesBuildPhase section */
		AE65C60921865A68006A047C /* Sources */ = {
			isa = PBXSourcesBuildPhase;
			buildActionMask = 2147483647;
			files = (
				AE65C61121865A68006A047C /* main.cpp in Sources */,
				AE65C61F21865C9A006A047C /* glad.c in Sources */,
			);
			runOnlyForDeploymentPostprocessing = 0;
		};
/* End PBXSourcesBuildPhase section */

/* Begin XCBuildConfiguration section */
		AE65C61221865A68006A047C /* Debug */ = {
			isa = XCBuildConfiguration;
			buildSettings = {
				ALWAYS_SEARCH_USER_PATHS = YES;
				CLANG_ANALYZER_NONNULL = YES;
				CLANG_ANALYZER_NUMBER_OBJECT_CONVERSION = YES_AGGRESSIVE;
				CLANG_CXX_LANGUAGE_STANDARD = "gnu++14";
				CLANG_CXX_LIBRARY = "libc++";
				CLANG_ENABLE_MODULES = YES;
				CLANG_ENABLE_OBJC_ARC = YES;
				CLANG_ENABLE_OBJC_WEAK = YES;
				CLANG_WARN_BLOCK_CAPTURE_AUTORELEASING = YES;
				CLANG_WARN_BOOL_CONVERSION = YES;
				CLANG_WARN_COMMA = YES;
				CLANG_WARN_CONSTANT_CONVERSION = YES;
				CLANG_WARN_DEPRECATED_OBJC_IMPLEMENTATIONS = YES;
				CLANG_WARN_DIRECT_OBJC_ISA_USAGE = YES_ERROR;
				CLANG_WARN_DOCUMENTATION_COMMENTS = YES;
				CLANG_WARN_EMPTY_BODY = YES;
				CLANG_WARN_ENUM_CONVERSION = YES;
				CLANG_WARN_INFINITE_RECURSION = YES;
				CLANG_WARN_INT_CONVERSION = YES;
				CLANG_WARN_NON_LITERAL_NULL_CONVERSION = YES;
				CLANG_WARN_OBJC_IMPLICIT_RETAIN_SELF = YES;
				CLANG_WARN_OBJC_LITERAL_CONVERSION = YES;
				CLANG_WARN_OBJC_ROOT_CLASS = YES_ERROR;
				CLANG_WARN_RANGE_LOOP_ANALYSIS = YES;
				CLANG_WARN_STRICT_PROTOTYPES = YES;
				CLANG_WARN_SUSPICIOUS_MOVE = YES;
				CLANG_WARN_UNGUARDED_AVAILABILITY = YES_AGGRESSIVE;
				CLANG_WARN_UNREACHABLE_CODE = YES;
				CLANG_WARN__DUPLICATE_METHOD_MATCH = YES;
				CODE_SIGN_IDENTITY = "-";
				COPY_PHASE_STRIP = NO;
				DEBUG_INFORMATION_FORMAT = dwarf;
				ENABLE_STRICT_OBJC_MSGSEND = YES;
				ENABLE_TESTABILITY = YES;
				GCC_C_LANGUAGE_STANDARD = gnu11;
				GCC_DYNAMIC_NO_PIC = NO;
				GCC_NO_COMMON_BLOCKS = YES;
				GCC_OPTIMIZATION_LEVEL = 0;
				GCC_PREPROCESSOR_DEFINITIONS = (
					"DEBUG=1",
					"$(inherited)",
				);
				GCC_WARN_64_TO_32_BIT_CONVERSION = YES;
				GCC_WARN_ABOUT_RETURN_TYPE = YES_ERROR;
				GCC_WARN_UNDECLARED_SELECTOR = YES;
				GCC_WARN_UNINITIALIZED_AUTOS = YES_AGGRESSIVE;
				GCC_WARN_UNUSED_FUNCTION = YES;
				GCC_WARN_UNUSED_VARIABLE = YES;
				HEADER_SEARCH_PATHS = /usr/local/include;
				LIBRARY_SEARCH_PATHS = /usr/local/lib;
				MACOSX_DEPLOYMENT_TARGET = 10.13;
				MTL_ENABLE_DEBUG_INFO = INCLUDE_SOURCE;
				MTL_FAST_MATH = YES;
				ONLY_ACTIVE_ARCH = YES;
				SDKROOT = macosx;
			};
			name = Debug;
		};
		AE65C61321865A68006A047C /* Release */ = {
			isa = XCBuildConfiguration;
			buildSettings = {
				ALWAYS_SEARCH_USER_PATHS = YES;
				CLANG_ANALYZER_NONNULL = YES;
				CLANG_ANALYZER_NUMBER_OBJECT_CONVERSION = YES_AGGRESSIVE;
				CLANG_CXX_LANGUAGE_STANDARD = "gnu++14";
				CLANG_CXX_LIBRARY = "libc++";
				CLANG_ENABLE_MODULES = YES;
				CLANG_ENABLE_OBJC_ARC = YES;
				CLANG_ENABLE_OBJC_WEAK = YES;
				CLANG_WARN_BLOCK_CAPTURE_AUTORELEASING = YES;
				CLANG_WARN_BOOL_CONVERSION = YES;
				CLANG_WARN_COMMA = YES;
				CLANG_WARN_CONSTANT_CONVERSION = YES;
				CLANG_WARN_DEPRECATED_OBJC_IMPLEMENTATIONS = YES;
				CLANG_WARN_DIRECT_OBJC_ISA_USAGE = YES_ERROR;
				CLANG_WARN_DOCUMENTATION_COMMENTS = YES;
				CLANG_WARN_EMPTY_BODY = YES;
				CLANG_WARN_ENUM_CONVERSION = YES;
				CLANG_WARN_INFINITE_RECURSION = YES;
				CLANG_WARN_INT_CONVERSION = YES;
				CLANG_WARN_NON_LITERAL_NULL_CONVERSION = YES;
				CLANG_WARN_OBJC_IMPLICIT_RETAIN_SELF = YES;
				CLANG_WARN_OBJC_LITERAL_CONVERSION = YES;
				CLANG_WARN_OBJC_ROOT_CLASS = YES_ERROR;
				CLANG_WARN_RANGE_LOOP_ANALYSIS = YES;
				CLANG_WARN_STRICT_PROTOTYPES = YES;
				CLANG_WARN_SUSPICIOUS_MOVE = YES;
				CLANG_WARN_UNGUARDED_AVAILABILITY = YES_AGGRESSIVE;
				CLANG_WARN_UNREACHABLE_CODE = YES;
				CLANG_WARN__DUPLICATE_METHOD_MATCH = YES;
				CODE_SIGN_IDENTITY = "-";
				COPY_PHASE_STRIP = NO;
				DEBUG_INFORMATION_FORMAT = "dwarf-with-dsym";
				ENABLE_NS_ASSERTIONS = NO;
				ENABLE_STRICT_OBJC_MSGSEND = YES;
				GCC_C_LANGUAGE_STANDARD = gnu11;
				GCC_NO_COMMON_BLOCKS = YES;
				GCC_WARN_64_TO_32_BIT_CONVERSION = YES;
				GCC_WARN_ABOUT_RETURN_TYPE = YES_ERROR;
				GCC_WARN_UNDECLARED_SELECTOR = YES;
				GCC_WARN_UNINITIALIZED_AUTOS = YES_AGGRESSIVE;
				GCC_WARN_UNUSED_FUNCTION = YES;
				GCC_WARN_UNUSED_VARIABLE = YES;
				HEADER_SEARCH_PATHS = /usr/local/include;
				LIBRARY_SEARCH_PATHS = /usr/local/lib;
				MACOSX_DEPLOYMENT_TARGET = 10.13;
				MTL_ENABLE_DEBUG_INFO = NO;
				MTL_FAST_MATH = YES;
				SDKROOT = macosx;
			};
			name = Release;
		};
		AE65C61521865A68006A047C /* Debug */ = {
			isa = XCBuildConfiguration;
			buildSettings = {
				CODE_SIGN_STYLE = Automatic;
				PRODUCT_NAME = "$(TARGET_NAME)";
			};
			name = Debug;
		};
		AE65C61621865A68006A047C /* Release */ = {
			isa = XCBuildConfiguration;
			buildSettings = {
				CODE_SIGN_STYLE = Automatic;
				PRODUCT_NAME = "$(TARGET_NAME)";
			};
			name = Release;
		};
/* End XCBuildConfiguration section */

/* Begin XCConfigurationList section */
		AE65C60821865A68006A047C /* Build configuration list for PBXProject "Lab2" */ = {
			isa = XCConfigurationList;
			buildConfigurations = (
				AE65C61221865A68006A047C /* Debug */,
				AE65C61321865A68006A047C /* Release */,
			);
			defaultConfigurationIsVisible = 0;
			defaultConfigurationName = Release;
		};
		AE65C61421865A68006A047C /* Build configuration list for PBXNativeTarget "Lab2" */ = {
			isa = XCConfigurationList;
			buildConfigurations = (
				AE65C61521865A68006A047C /* Debug */,
				AE65C61621865A68006A047C /* Release */,
			);
			defaultConfigurationIsVisible = 0;
			defaultConfigurationName = Release;
		};
/* End XCConfigurationList section */
	};
	rootObject = AE65C60521865A68006A047C /* Project object */;
}
